
Microsoft Visual Studio Solution File, Format Version 12.00
Project("{FAE04EC0-301F-11D3-BF4B-00C04F79EFBC}") = "Hermes.UI", "Hermes.UI\Hermes.UI.csproj", "{25063DA6-4A92-40A7-B71F-9E73ED61F817}"
EndProject
Project("{FAE04EC0-301F-11D3-BF4B-00C04F79EFBC}") = "Hermes.Application", "Hermes.Application\Hermes.Application.csproj", "{2D6129E2-5B29-41B9-8525-89665BDF34E2}"
EndProject
Project("{FAE04EC0-301F-11D3-BF4B-00C04F79EFBC}") = "Hermes.Domain", "Hermes.Domain\Hermes.Domain.csproj", "{1A07F7C1-8E80-4C5B-ABAB-7BAED0D9F3B1}"
EndProject
Project("{FAE04EC0-301F-11D3-BF4B-00C04F79EFBC}") = "Hermes.Infrastructure", "Hermes.Infrastructure\Hermes.Infrastructure.csproj", "{370356F5-4FDB-4692-B8AD-1B55DDE0936C}"
EndProject
Global
	GlobalSection(SolutionConfigurationPlatforms) = preSolution
		Debug|Any CPU = Debug|Any CPU
		Release|Any CPU = Release|Any CPU
	EndGlobalSection
	GlobalSection(ProjectConfigurationPlatforms) = postSolution
		{25063DA6-4A92-40A7-B71F-9E73ED61F817}.Debug|Any CPU.ActiveCfg = Debug|Any CPU
		{25063DA6-4A92-40A7-B71F-9E73ED61F817}.Debug|Any CPU.Build.0 = Debug|Any CPU
		{25063DA6-4A92-40A7-B71F-9E73ED61F817}.Release|Any CPU.ActiveCfg = Release|Any CPU
		{25063DA6-4A92-40A7-B71F-9E73ED61F817}.Release|Any CPU.Build.0 = Release|Any CPU
		{2D6129E2-5B29-41B9-8525-89665BDF34E2}.Debug|Any CPU.ActiveCfg = Debug|Any CPU
		{2D6129E2-5B29-41B9-8525-89665BDF34E2}.Debug|Any CPU.Build.0 = Debug|Any CPU
		{2D6129E2-5B29-41B9-8525-89665BDF34E2}.Release|Any CPU.ActiveCfg = Release|Any CPU
		{2D6129E2-5B29-41B9-8525-89665BDF34E2}.Release|Any CPU.Build.0 = Release|Any CPU
		{1A07F7C1-8E80-4C5B-ABAB-7BAED0D9F3B1}.Debug|Any CPU.ActiveCfg = Debug|Any CPU
		{1A07F7C1-8E80-4C5B-ABAB-7BAED0D9F3B1}.Debug|Any CPU.Build.0 = Debug|Any CPU
		{1A07F7C1-8E80-4C5B-ABAB-7BAED0D9F3B1}.Release|Any CPU.ActiveCfg = Release|Any CPU
		{1A07F7C1-8E80-4C5B-ABAB-7BAED0D9F3B1}.Release|Any CPU.Build.0 = Release|Any CPU
		{370356F5-4FDB-4692-B8AD-1B55DDE0936C}.Debug|Any CPU.ActiveCfg = Debug|Any CPU
		{370356F5-4FDB-4692-B8AD-1B55DDE0936C}.Debug|Any CPU.Build.0 = Debug|Any CPU
		{370356F5-4FDB-4692-B8AD-1B55DDE0936C}.Release|Any CPU.ActiveCfg = Release|Any CPU
		{370356F5-4FDB-4692-B8AD-1B55DDE0936C}.Release|Any CPU.Build.0 = Release|Any CPU
	EndGlobalSection
EndGlobal
